
Microsoft Visual Studio Solution File, Format Version 12.00
# Visual Studio Version 17
VisualStudioVersion = 17.8.34525.116
MinimumVisualStudioVersion = 10.0.40219.1
Project("{FAE04EC0-301F-11D3-BF4B-00C04F79EFBC}") = "JogoGourmet", "JogoGourmet\JogoGourmet.csproj", "{0E24F7A8-44C4-4657-BE65-214955F358F1}"
EndProject
Global
	GlobalSection(SolutionConfigurationPlatforms) = preSolution
		Debug|Any CPU = Debug|Any CPU
		Release|Any CPU = Release|Any CPU
	EndGlobalSection
	GlobalSection(ProjectConfigurationPlatforms) = postSolution
		{0E24F7A8-44C4-4657-BE65-214955F358F1}.Debug|Any CPU.ActiveCfg = Debug|Any CPU
		{0E24F7A8-44C4-4657-BE65-214955F358F1}.Debug|Any CPU.Build.0 = Debug|Any CPU
		{0E24F7A8-44C4-4657-BE65-214955F358F1}.Release|Any CPU.ActiveCfg = Release|Any CPU
		{0E24F7A8-44C4-4657-BE65-214955F358F1}.Release|Any CPU.Build.0 = Release|Any CPU
	EndGlobalSection
	GlobalSection(SolutionProperties) = preSolution
		HideSolutionNode = FALSE
	EndGlobalSection
	GlobalSection(ExtensibilityGlobals) = postSolution
		SolutionGuid = {43D35CE1-407B-4928-BA54-BD64C1ACF7E8}
	EndGlobalSection
EndGlobal
